
Microsoft Visual Studio Solution File, Format Version 12.00
# Visual Studio Version 16
VisualStudioVersion = 16.0.31129.286
MinimumVisualStudioVersion = 10.0.40219.1
Project("{FAE04EC0-301F-11D3-BF4B-00C04F79EFBC}") = "cryptographyfile", "cryptographyfile.csproj", "{DB84C9F7-9331-4F6B-B49C-F680656AAB99}"
EndProject
Project("{54435603-DBB4-11D2-8724-00A0C9A8B90C}") = "Installer_Cryptographyfile", "Installer\Installer_Cryptographyfile\Installer_Cryptographyfile.vdproj", "{43C491DF-DC7C-4DB8-8754-149ABE7E11AD}"
EndProject
Global
	GlobalSection(SolutionConfigurationPlatforms) = preSolution
		Debug|Any CPU = Debug|Any CPU
		Release|Any CPU = Release|Any CPU
	EndGlobalSection
	GlobalSection(ProjectConfigurationPlatforms) = postSolution
		{DB84C9F7-9331-4F6B-B49C-F680656AAB99}.Debug|Any CPU.ActiveCfg = Debug|Any CPU
		{DB84C9F7-9331-4F6B-B49C-F680656AAB99}.Debug|Any CPU.Build.0 = Debug|Any CPU
		{DB84C9F7-9331-4F6B-B49C-F680656AAB99}.Release|Any CPU.ActiveCfg = Release|Any CPU
		{DB84C9F7-9331-4F6B-B49C-F680656AAB99}.Release|Any CPU.Build.0 = Release|Any CPU
		{43C491DF-DC7C-4DB8-8754-149ABE7E11AD}.Debug|Any CPU.ActiveCfg = Debug
		{43C491DF-DC7C-4DB8-8754-149ABE7E11AD}.Release|Any CPU.ActiveCfg = Release
	EndGlobalSection
	GlobalSection(SolutionProperties) = preSolution
		HideSolutionNode = FALSE
	EndGlobalSection
	GlobalSection(ExtensibilityGlobals) = postSolution
		SolutionGuid = {90FF774A-CF17-482E-A2B1-0A4926D78800}
	EndGlobalSection
EndGlobal
